<?xml version="1.0" encoding="utf-8"?>
<Project ToolsVersion="4.0" xmlns="http://schemas.microsoft.com/developer/msbuild/2003">
  <ItemGroup>
    <Filter Include="Source Files">
      <UniqueIdentifier>{4FC737F1-C7A5-4376-A066-2A32D752A2FF}</UniqueIdentifier>
      <Extensions>cpp;c;cc;cxx;def;odl;idl;hpj;bat;asm;asmx</Extensions>
    </Filter>
    <Filter Include="Header Files">
      <UniqueIdentifier>{93995380-89BD-4b04-88EB-625FBE52EBFB}</UniqueIdentifier>
      <Extensions>h;hh;hpp;hxx;hm;inl;inc;xsd</Extensions>
    </Filter>
    <Filter Include="Resource Files">
      <UniqueIdentifier>{67DA6AB6-F800-4c08-8B7A-83BB121AAD01}</UniqueIdentifier>
      <Extensions>rc;ico;cur;bmp;dlg;rc2;rct;bin;rgs;gif;jpg;jpeg;jpe;resx;tiff;tif;png;wav;mfcribbon-ms</Extensions>
    </Filter>
    <Filter Include="Header Files\PublicTest">
      <UniqueIdentifier>{931ce478-cfac-4118-b55e-f6bb88c263cf}</UniqueIdentifier>
    </Filter>
    <Filter Include="Source Files\PublicTest">
      <UniqueIdentifier>{31340df1-1e3a-4a39-b7fa-81b747195d44}</UniqueIdentifier>
    </Filter>
  </ItemGroup>
  <ItemGroup>
    <ClCompile Include="system.cpp">
      <Filter>Source Files</Filter>
    </ClCompile>
    <ClCompile Include="process.cpp">
      <Filter>Source Files</Filter>
    </ClCompile>
    <ClCompile Include="kernelsys.cpp">
      <Filter>Source Files</Filter>
    </ClCompile>
    <ClCompile Include="slaballocator.cpp">
      <Filter>Source Files</Filter>
    </ClCompile>
    <ClCompile Include="diskservice.cpp">
      <Filter>Source Files</Filter>
    </ClCompile>
    <ClCompile Include="kernelproc.cpp">
      <Filter>Source Files</Filter>
    </ClCompile>
    <ClCompile Include="framepool.cpp">
      <Filter>Source Files</Filter>
    </ClCompile>
    <ClCompile Include="main.cpp">
      <Filter>Source Files\PublicTest</Filter>
    </ClCompile>
    <ClCompile Include="ProcessTest.cpp">
      <Filter>Source Files\PublicTest</Filter>
    </ClCompile>
    <ClCompile Include="RandomNumberGenerator.cpp">
      <Filter>Source Files\PublicTest</Filter>
    </ClCompile>
    <ClCompile Include="SystemTest.cpp">
      <Filter>Source Files\PublicTest</Filter>
    </ClCompile>
  </ItemGroup>
  <ItemGroup>
    <ClInclude Include="system.h">
      <Filter>Header Files</Filter>
    </ClInclude>
    <ClInclude Include="vm_declarations.h">
      <Filter>Header Files</Filter>
    </ClInclude>
    <ClInclude Include="process.h">
      <Filter>Header Files</Filter>
    </ClInclude>
    <ClInclude Include="kernelsys.h">
      <Filter>Header Files</Filter>
    </ClInclude>
    <ClInclude Include="kernelproc.h">
      <Filter>Header Files</Filter>
    </ClInclude>
    <ClInclude Include="pmt.h">
      <Filter>Header Files</Filter>
    </ClInclude>
    <ClInclude Include="slaballocator.h">
      <Filter>Header Files</Filter>
    </ClInclude>
    <ClInclude Include="diskservice.h">
      <Filter>Header Files</Filter>
    </ClInclude>
    <ClInclude Include="framepool.h">
      <Filter>Header Files</Filter>
    </ClInclude>
    <ClInclude Include="segdefs.h">
      <Filter>Header Files</Filter>
    </ClInclude>
    <ClInclude Include="ProcessTest.h">
      <Filter>Header Files\PublicTest</Filter>
    </ClInclude>
    <ClInclude Include="RandomNumberGenerator.h">
      <Filter>Header Files\PublicTest</Filter>
    </ClInclude>
    <ClInclude Include="SystemTest.h">
      <Filter>Header Files\PublicTest</Filter>
    </ClInclude>
  </ItemGroup>
</Project>